
Microsoft Visual Studio Solution File, Format Version 12.00
# Visual Studio Version 17
VisualStudioVersion = 17.3.32819.101
MinimumVisualStudioVersion = 10.0.40219.1
Project("{FAE04EC0-301F-11D3-BF4B-00C04F79EFBC}") = "AireSpringMVC", "AireSpringMVC\AireSpringMVC.csproj", "{A7F72987-4DFF-4690-89B5-733E924C3CA5}"
EndProject
Project("{9A19103F-16F7-4668-BE54-9A1E7A4F7556}") = "AireSpring.common", "AireSpring.common\AireSpring.common.csproj", "{737B3F20-F158-4F9E-BE06-95540A6A59FA}"
EndProject
Project("{9A19103F-16F7-4668-BE54-9A1E7A4F7556}") = "AireSpring.data", "AireSpring.data\AireSpring.data.csproj", "{3DAAE8B5-8679-41B5-9689-2AB1B30DAC38}"
EndProject
Project("{9A19103F-16F7-4668-BE54-9A1E7A4F7556}") = "AireSpring.workflows", "AireSpring.workflows\AireSpring.workflows.csproj", "{C53AA089-C115-42ED-9332-CE8B2C54A8E0}"
EndProject
Global
	GlobalSection(SolutionConfigurationPlatforms) = preSolution
		Debug|Any CPU = Debug|Any CPU
		Release|Any CPU = Release|Any CPU
	EndGlobalSection
	GlobalSection(ProjectConfigurationPlatforms) = postSolution
		{A7F72987-4DFF-4690-89B5-733E924C3CA5}.Debug|Any CPU.ActiveCfg = Debug|Any CPU
		{A7F72987-4DFF-4690-89B5-733E924C3CA5}.Debug|Any CPU.Build.0 = Debug|Any CPU
		{A7F72987-4DFF-4690-89B5-733E924C3CA5}.Release|Any CPU.ActiveCfg = Release|Any CPU
		{A7F72987-4DFF-4690-89B5-733E924C3CA5}.Release|Any CPU.Build.0 = Release|Any CPU
		{737B3F20-F158-4F9E-BE06-95540A6A59FA}.Debug|Any CPU.ActiveCfg = Debug|Any CPU
		{737B3F20-F158-4F9E-BE06-95540A6A59FA}.Debug|Any CPU.Build.0 = Debug|Any CPU
		{737B3F20-F158-4F9E-BE06-95540A6A59FA}.Release|Any CPU.ActiveCfg = Release|Any CPU
		{737B3F20-F158-4F9E-BE06-95540A6A59FA}.Release|Any CPU.Build.0 = Release|Any CPU
		{3DAAE8B5-8679-41B5-9689-2AB1B30DAC38}.Debug|Any CPU.ActiveCfg = Debug|Any CPU
		{3DAAE8B5-8679-41B5-9689-2AB1B30DAC38}.Debug|Any CPU.Build.0 = Debug|Any CPU
		{3DAAE8B5-8679-41B5-9689-2AB1B30DAC38}.Release|Any CPU.ActiveCfg = Release|Any CPU
		{3DAAE8B5-8679-41B5-9689-2AB1B30DAC38}.Release|Any CPU.Build.0 = Release|Any CPU
		{C53AA089-C115-42ED-9332-CE8B2C54A8E0}.Debug|Any CPU.ActiveCfg = Debug|Any CPU
		{C53AA089-C115-42ED-9332-CE8B2C54A8E0}.Debug|Any CPU.Build.0 = Debug|Any CPU
		{C53AA089-C115-42ED-9332-CE8B2C54A8E0}.Release|Any CPU.ActiveCfg = Release|Any CPU
		{C53AA089-C115-42ED-9332-CE8B2C54A8E0}.Release|Any CPU.Build.0 = Release|Any CPU
	EndGlobalSection
	GlobalSection(SolutionProperties) = preSolution
		HideSolutionNode = FALSE
	EndGlobalSection
	GlobalSection(ExtensibilityGlobals) = postSolution
		SolutionGuid = {1EED2B09-9089-494D-BB6D-5D38664F1307}
	EndGlobalSection
EndGlobal
